// !$*UTF8*$!
{
	archiveVersion = 1;
	classes = {
	};
	objectVersion = 50;
	objects = {

/* Begin PBXBuildFile section */
		542CE21F234746D90047E959 /* AppDelegate.swift in Sources */ = {isa = PBXBuildFile; fileRef = 542CE21E234746D90047E959 /* AppDelegate.swift */; };
		542CE226234746DA0047E959 /* Assets.xcassets in Resources */ = {isa = PBXBuildFile; fileRef = 542CE225234746DA0047E959 /* Assets.xcassets */; };
		542CE229234746DA0047E959 /* LaunchScreen.storyboard in Resources */ = {isa = PBXBuildFile; fileRef = 542CE227234746DA0047E959 /* LaunchScreen.storyboard */; };
		542CE2312347476C0047E959 /* .gitignore in Resources */ = {isa = PBXBuildFile; fileRef = 542CE2302347476C0047E959 /* .gitignore */; };
		542CE2332347490D0047E959 /* MainRouter.swift in Sources */ = {isa = PBXBuildFile; fileRef = 542CE2322347490D0047E959 /* MainRouter.swift */; };
		542CE23823474D620047E959 /* ViewController.swift in Sources */ = {isa = PBXBuildFile; fileRef = 542CE23623474D620047E959 /* ViewController.swift */; };
		542CE23923474D620047E959 /* ViewController.xib in Resources */ = {isa = PBXBuildFile; fileRef = 542CE23723474D620047E959 /* ViewController.xib */; };
		542CE23D234761740047E959 /* StartRouter.swift in Sources */ = {isa = PBXBuildFile; fileRef = 542CE23C234761740047E959 /* StartRouter.swift */; };
		542CE2472347638A0047E959 /* RegisterViewController.swift in Sources */ = {isa = PBXBuildFile; fileRef = 542CE2452347638A0047E959 /* RegisterViewController.swift */; };
		542CE2482347638A0047E959 /* RegisterViewController.xib in Resources */ = {isa = PBXBuildFile; fileRef = 542CE2462347638A0047E959 /* RegisterViewController.xib */; };
		542CE24A23476A530047E959 /* GoogleService-Info.plist in Resources */ = {isa = PBXBuildFile; fileRef = 542CE24923476A520047E959 /* GoogleService-Info.plist */; };
/* End PBXBuildFile section */

/* Begin PBXFileReference section */
		542CE21B234746D90047E959 /* InstaFake.app */ = {isa = PBXFileReference; explicitFileType = wrapper.application; includeInIndex = 0; path = InstaFake.app; sourceTree = BUILT_PRODUCTS_DIR; };
		542CE21E234746D90047E959 /* AppDelegate.swift */ = {isa = PBXFileReference; lastKnownFileType = sourcecode.swift; path = AppDelegate.swift; sourceTree = "<group>"; };
		542CE225234746DA0047E959 /* Assets.xcassets */ = {isa = PBXFileReference; lastKnownFileType = folder.assetcatalog; path = Assets.xcassets; sourceTree = "<group>"; };
		542CE228234746DA0047E959 /* Base */ = {isa = PBXFileReference; lastKnownFileType = file.storyboard; name = Base; path = Base.lproj/LaunchScreen.storyboard; sourceTree = "<group>"; };
		542CE22A234746DA0047E959 /* Info.plist */ = {isa = PBXFileReference; lastKnownFileType = text.plist.xml; path = Info.plist; sourceTree = "<group>"; };
		542CE2302347476C0047E959 /* .gitignore */ = {isa = PBXFileReference; lastKnownFileType = text; path = .gitignore; sourceTree = "<group>"; };
		542CE2322347490D0047E959 /* MainRouter.swift */ = {isa = PBXFileReference; lastKnownFileType = sourcecode.swift; path = MainRouter.swift; sourceTree = "<group>"; };
		542CE23623474D620047E959 /* ViewController.swift */ = {isa = PBXFileReference; lastKnownFileType = sourcecode.swift; path = ViewController.swift; sourceTree = "<group>"; };
		542CE23723474D620047E959 /* ViewController.xib */ = {isa = PBXFileReference; lastKnownFileType = file.xib; path = ViewController.xib; sourceTree = "<group>"; };
		542CE23C234761740047E959 /* StartRouter.swift */ = {isa = PBXFileReference; lastKnownFileType = sourcecode.swift; path = StartRouter.swift; sourceTree = "<group>"; };
		542CE2452347638A0047E959 /* RegisterViewController.swift */ = {isa = PBXFileReference; lastKnownFileType = sourcecode.swift; path = RegisterViewController.swift; sourceTree = "<group>"; };
		542CE2462347638A0047E959 /* RegisterViewController.xib */ = {isa = PBXFileReference; lastKnownFileType = file.xib; path = RegisterViewController.xib; sourceTree = "<group>"; };
		542CE24923476A520047E959 /* GoogleService-Info.plist */ = {isa = PBXFileReference; fileEncoding = 4; lastKnownFileType = text.plist.xml; path = "GoogleService-Info.plist"; sourceTree = "<group>"; };
/* End PBXFileReference section */

/* Begin PBXFrameworksBuildPhase section */
		542CE218234746D90047E959 /* Frameworks */ = {
			isa = PBXFrameworksBuildPhase;
			buildActionMask = 2147483647;
			files = (
			);
			runOnlyForDeploymentPostprocessing = 0;
		};
/* End PBXFrameworksBuildPhase section */

/* Begin PBXGroup section */
		542CE212234746D90047E959 = {
			isa = PBXGroup;
			children = (
				542CE2302347476C0047E959 /* .gitignore */,
				542CE24923476A520047E959 /* GoogleService-Info.plist */,
				542CE21D234746D90047E959 /* InstaFake */,
				542CE21C234746D90047E959 /* Products */,
			);
			sourceTree = "<group>";
		};
		542CE21C234746D90047E959 /* Products */ = {
			isa = PBXGroup;
			children = (
				542CE21B234746D90047E959 /* InstaFake.app */,
			);
			name = Products;
			sourceTree = "<group>";
		};
		542CE21D234746D90047E959 /* InstaFake */ = {
			isa = PBXGroup;
			children = (
				542CE21E234746D90047E959 /* AppDelegate.swift */,
				542CE234234749110047E959 /* Routers */,
				542CE23523474D3F0047E959 /* Screens */,
				542CE23B23474E400047E959 /* Resources */,
			);
			path = InstaFake;
			sourceTree = "<group>";
		};
		542CE234234749110047E959 /* Routers */ = {
			isa = PBXGroup;
			children = (
				542CE2322347490D0047E959 /* MainRouter.swift */,
				542CE23C234761740047E959 /* StartRouter.swift */,
			);
			path = Routers;
			sourceTree = "<group>";
		};
		542CE23523474D3F0047E959 /* Screens */ = {
			isa = PBXGroup;
			children = (
				542CE244234763670047E959 /* RegisterViewController */,
				542CE23A23474E280047E959 /* Start */,
			);
			path = Screens;
			sourceTree = "<group>";
		};
		542CE23A23474E280047E959 /* Start */ = {
			isa = PBXGroup;
			children = (
				542CE23623474D620047E959 /* ViewController.swift */,
				542CE23723474D620047E959 /* ViewController.xib */,
			);
			path = Start;
			sourceTree = "<group>";
		};
		542CE23B23474E400047E959 /* Resources */ = {
			isa = PBXGroup;
			children = (
				542CE225234746DA0047E959 /* Assets.xcassets */,
				542CE227234746DA0047E959 /* LaunchScreen.storyboard */,
				542CE22A234746DA0047E959 /* Info.plist */,
			);
			path = Resources;
			sourceTree = "<group>";
		};
		542CE244234763670047E959 /* RegisterViewController */ = {
			isa = PBXGroup;
			children = (
				542CE2452347638A0047E959 /* RegisterViewController.swift */,
				542CE2462347638A0047E959 /* RegisterViewController.xib */,
			);
			path = RegisterViewController;
			sourceTree = "<group>";
		};
/* End PBXGroup section */

/* Begin PBXNativeTarget section */
		542CE21A234746D90047E959 /* InstaFake */ = {
			isa = PBXNativeTarget;
			buildConfigurationList = 542CE22D234746DA0047E959 /* Build configuration list for PBXNativeTarget "InstaFake" */;
			buildPhases = (
				542CE217234746D90047E959 /* Sources */,
				542CE218234746D90047E959 /* Frameworks */,
				542CE219234746D90047E959 /* Resources */,
			);
			buildRules = (
			);
			dependencies = (
			);
			name = InstaFake;
			productName = InstaFake;
			productReference = 542CE21B234746D90047E959 /* InstaFake.app */;
			productType = "com.apple.product-type.application";
		};
/* End PBXNativeTarget section */

/* Begin PBXProject section */
		542CE213234746D90047E959 /* Project object */ = {
			isa = PBXProject;
			attributes = {
				LastSwiftUpdateCheck = 1030;
				LastUpgradeCheck = 1030;
				ORGANIZATIONNAME = "Artem Grebinik";
				TargetAttributes = {
					542CE21A234746D90047E959 = {
						CreatedOnToolsVersion = 10.3;
					};
				};
			};
			buildConfigurationList = 542CE216234746D90047E959 /* Build configuration list for PBXProject "InstaFake" */;
			compatibilityVersion = "Xcode 9.3";
			developmentRegion = en;
			hasScannedForEncodings = 0;
			knownRegions = (
				en,
				Base,
			);
			mainGroup = 542CE212234746D90047E959;
			productRefGroup = 542CE21C234746D90047E959 /* Products */;
			projectDirPath = "";
			projectRoot = "";
			targets = (
				542CE21A234746D90047E959 /* InstaFake */,
			);
		};
/* End PBXProject section */

/* Begin PBXResourcesBuildPhase section */
		542CE219234746D90047E959 /* Resources */ = {
			isa = PBXResourcesBuildPhase;
			buildActionMask = 2147483647;
			files = (
				542CE23923474D620047E959 /* ViewController.xib in Resources */,
				542CE2482347638A0047E959 /* RegisterViewController.xib in Resources */,
				542CE2312347476C0047E959 /* .gitignore in Resources */,
				542CE229234746DA0047E959 /* LaunchScreen.storyboard in Resources */,
				542CE226234746DA0047E959 /* Assets.xcassets in Resources */,
				542CE24A23476A530047E959 /* GoogleService-Info.plist in Resources */,
			);
			runOnlyForDeploymentPostprocessing = 0;
		};
/* End PBXResourcesBuildPhase section */

/* Begin PBXSourcesBuildPhase section */
		542CE217234746D90047E959 /* Sources */ = {
			isa = PBXSourcesBuildPhase;
			buildActionMask = 2147483647;
			files = (
				542CE23823474D620047E959 /* ViewController.swift in Sources */,
				542CE2472347638A0047E959 /* RegisterViewController.swift in Sources */,
				542CE21F234746D90047E959 /* AppDelegate.swift in Sources */,
				542CE2332347490D0047E959 /* MainRouter.swift in Sources */,
				542CE23D234761740047E959 /* StartRouter.swift in Sources */,
			);
			runOnlyForDeploymentPostprocessing = 0;
		};
/* End PBXSourcesBuildPhase section */

/* Begin PBXVariantGroup section */
		542CE227234746DA0047E959 /* LaunchScreen.storyboard */ = {
			isa = PBXVariantGroup;
			children = (
				542CE228234746DA0047E959 /* Base */,
			);
			name = LaunchScreen.storyboard;
			sourceTree = "<group>";
		};
/* End PBXVariantGroup section */

/* Begin XCBuildConfiguration section */
		542CE22B234746DA0047E959 /* Debug */ = {
			isa = XCBuildConfiguration;
			buildSettings = {
				ALWAYS_SEARCH_USER_PATHS = NO;
				CLANG_ANALYZER_NONNULL = YES;
				CLANG_ANALYZER_NUMBER_OBJECT_CONVERSION = YES_AGGRESSIVE;
				CLANG_CXX_LANGUAGE_STANDARD = "gnu++14";
				CLANG_CXX_LIBRARY = "libc++";
				CLANG_ENABLE_MODULES = YES;
				CLANG_ENABLE_OBJC_ARC = YES;
				CLANG_ENABLE_OBJC_WEAK = YES;
				CLANG_WARN_BLOCK_CAPTURE_AUTORELEASING = YES;
				CLANG_WARN_BOOL_CONVERSION = YES;
				CLANG_WARN_COMMA = YES;
				CLANG_WARN_CONSTANT_CONVERSION = YES;
				CLANG_WARN_DEPRECATED_OBJC_IMPLEMENTATIONS = YES;
				CLANG_WARN_DIRECT_OBJC_ISA_USAGE = YES_ERROR;
				CLANG_WARN_DOCUMENTATION_COMMENTS = YES;
				CLANG_WARN_EMPTY_BODY = YES;
				CLANG_WARN_ENUM_CONVERSION = YES;
				CLANG_WARN_INFINITE_RECURSION = YES;
				CLANG_WARN_INT_CONVERSION = YES;
				CLANG_WARN_NON_LITERAL_NULL_CONVERSION = YES;
				CLANG_WARN_OBJC_IMPLICIT_RETAIN_SELF = YES;
				CLANG_WARN_OBJC_LITERAL_CONVERSION = YES;
				CLANG_WARN_OBJC_ROOT_CLASS = YES_ERROR;
				CLANG_WARN_RANGE_LOOP_ANALYSIS = YES;
				CLANG_WARN_STRICT_PROTOTYPES = YES;
				CLANG_WARN_SUSPICIOUS_MOVE = YES;
				CLANG_WARN_UNGUARDED_AVAILABILITY = YES_AGGRESSIVE;
				CLANG_WARN_UNREACHABLE_CODE = YES;
				CLANG_WARN__DUPLICATE_METHOD_MATCH = YES;
				CODE_SIGN_IDENTITY = "iPhone Developer";
				COPY_PHASE_STRIP = NO;
				DEBUG_INFORMATION_FORMAT = dwarf;
				ENABLE_STRICT_OBJC_MSGSEND = YES;
				ENABLE_TESTABILITY = YES;
				GCC_C_LANGUAGE_STANDARD = gnu11;
				GCC_DYNAMIC_NO_PIC = NO;
				GCC_NO_COMMON_BLOCKS = YES;
				GCC_OPTIMIZATION_LEVEL = 0;
				GCC_PREPROCESSOR_DEFINITIONS = (
					"DEBUG=1",
					"$(inherited)",
				);
				GCC_WARN_64_TO_32_BIT_CONVERSION = YES;
				GCC_WARN_ABOUT_RETURN_TYPE = YES_ERROR;
				GCC_WARN_UNDECLARED_SELECTOR = YES;
				GCC_WARN_UNINITIALIZED_AUTOS = YES_AGGRESSIVE;
				GCC_WARN_UNUSED_FUNCTION = YES;
				GCC_WARN_UNUSED_VARIABLE = YES;
				IPHONEOS_DEPLOYMENT_TARGET = 12.4;
				MTL_ENABLE_DEBUG_INFO = INCLUDE_SOURCE;
				MTL_FAST_MATH = YES;
				ONLY_ACTIVE_ARCH = YES;
				SDKROOT = iphoneos;
				SWIFT_ACTIVE_COMPILATION_CONDITIONS = DEBUG;
				SWIFT_OPTIMIZATION_LEVEL = "-Onone";
			};
			name = Debug;
		};
		542CE22C234746DA0047E959 /* Release */ = {
			isa = XCBuildConfiguration;
			buildSettings = {
				ALWAYS_SEARCH_USER_PATHS = NO;
				CLANG_ANALYZER_NONNULL = YES;
				CLANG_ANALYZER_NUMBER_OBJECT_CONVERSION = YES_AGGRESSIVE;
				CLANG_CXX_LANGUAGE_STANDARD = "gnu++14";
				CLANG_CXX_LIBRARY = "libc++";
				CLANG_ENABLE_MODULES = YES;
				CLANG_ENABLE_OBJC_ARC = YES;
				CLANG_ENABLE_OBJC_WEAK = YES;
				CLANG_WARN_BLOCK_CAPTURE_AUTORELEASING = YES;
				CLANG_WARN_BOOL_CONVERSION = YES;
				CLANG_WARN_COMMA = YES;
				CLANG_WARN_CONSTANT_CONVERSION = YES;
				CLANG_WARN_DEPRECATED_OBJC_IMPLEMENTATIONS = YES;
				CLANG_WARN_DIRECT_OBJC_ISA_USAGE = YES_ERROR;
				CLANG_WARN_DOCUMENTATION_COMMENTS = YES;
				CLANG_WARN_EMPTY_BODY = YES;
				CLANG_WARN_ENUM_CONVERSION = YES;
				CLANG_WARN_INFINITE_RECURSION = YES;
				CLANG_WARN_INT_CONVERSION = YES;
				CLANG_WARN_NON_LITERAL_NULL_CONVERSION = YES;
				CLANG_WARN_OBJC_IMPLICIT_RETAIN_SELF = YES;
				CLANG_WARN_OBJC_LITERAL_CONVERSION = YES;
				CLANG_WARN_OBJC_ROOT_CLASS = YES_ERROR;
				CLANG_WARN_RANGE_LOOP_ANALYSIS = YES;
				CLANG_WARN_STRICT_PROTOTYPES = YES;
				CLANG_WARN_SUSPICIOUS_MOVE = YES;
				CLANG_WARN_UNGUARDED_AVAILABILITY = YES_AGGRESSIVE;
				CLANG_WARN_UNREACHABLE_CODE = YES;
				CLANG_WARN__DUPLICATE_METHOD_MATCH = YES;
				CODE_SIGN_IDENTITY = "iPhone Developer";
				COPY_PHASE_STRIP = NO;
				DEBUG_INFORMATION_FORMAT = "dwarf-with-dsym";
				ENABLE_NS_ASSERTIONS = NO;
				ENABLE_STRICT_OBJC_MSGSEND = YES;
				GCC_C_LANGUAGE_STANDARD = gnu11;
				GCC_NO_COMMON_BLOCKS = YES;
				GCC_WARN_64_TO_32_BIT_CONVERSION = YES;
				GCC_WARN_ABOUT_RETURN_TYPE = YES_ERROR;
				GCC_WARN_UNDECLARED_SELECTOR = YES;
				GCC_WARN_UNINITIALIZED_AUTOS = YES_AGGRESSIVE;
				GCC_WARN_UNUSED_FUNCTION = YES;
				GCC_WARN_UNUSED_VARIABLE = YES;
				IPHONEOS_DEPLOYMENT_TARGET = 12.4;
				MTL_ENABLE_DEBUG_INFO = NO;
				MTL_FAST_MATH = YES;
				SDKROOT = iphoneos;
				SWIFT_COMPILATION_MODE = wholemodule;
				SWIFT_OPTIMIZATION_LEVEL = "-O";
				VALIDATE_PRODUCT = YES;
			};
			name = Release;
		};
		542CE22E234746DA0047E959 /* Debug */ = {
			isa = XCBuildConfiguration;
			buildSettings = {
				ASSETCATALOG_COMPILER_APPICON_NAME = AppIcon;
				CODE_SIGN_STYLE = Automatic;
				DEVELOPMENT_TEAM = 3VTG976PZS;
				INFOPLIST_FILE = "$(SRCROOT)/InstaFake/Resources/Info.plist";
				LD_RUNPATH_SEARCH_PATHS = (
					"$(inherited)",
					"@executable_path/Frameworks",
				);
				PRODUCT_BUNDLE_IDENTIFIER = fake.InstaFake;
				PRODUCT_NAME = "$(TARGET_NAME)";
				SWIFT_VERSION = 5.0;
				TARGETED_DEVICE_FAMILY = "1,2";
			};
			name = Debug;
		};
		542CE22F234746DA0047E959 /* Release */ = {
			isa = XCBuildConfiguration;
			buildSettings = {
				ASSETCATALOG_COMPILER_APPICON_NAME = AppIcon;
				CODE_SIGN_STYLE = Automatic;
				DEVELOPMENT_TEAM = 3VTG976PZS;
				INFOPLIST_FILE = "$(SRCROOT)/InstaFake/Resources/Info.plist";
				LD_RUNPATH_SEARCH_PATHS = (
					"$(inherited)",
					"@executable_path/Frameworks",
				);
				PRODUCT_BUNDLE_IDENTIFIER = fake.InstaFake;
				PRODUCT_NAME = "$(TARGET_NAME)";
				SWIFT_VERSION = 5.0;
				TARGETED_DEVICE_FAMILY = "1,2";
			};
			name = Release;
		};
/* End XCBuildConfiguration section */

/* Begin XCConfigurationList section */
		542CE216234746D90047E959 /* Build configuration list for PBXProject "InstaFake" */ = {
			isa = XCConfigurationList;
			buildConfigurations = (
				542CE22B234746DA0047E959 /* Debug */,
				542CE22C234746DA0047E959 /* Release */,
			);
			defaultConfigurationIsVisible = 0;
			defaultConfigurationName = Release;
		};
		542CE22D234746DA0047E959 /* Build configuration list for PBXNativeTarget "InstaFake" */ = {
			isa = XCConfigurationList;
			buildConfigurations = (
				542CE22E234746DA0047E959 /* Debug */,
				542CE22F234746DA0047E959 /* Release */,
			);
			defaultConfigurationIsVisible = 0;
			defaultConfigurationName = Release;
		};
/* End XCConfigurationList section */
	};
	rootObject = 542CE213234746D90047E959 /* Project object */;
}
