// !$*UTF8*$!
{
	archiveVersion = 1;
	classes = {
	};
	objectVersion = 51;
	objects = {

/* Begin PBXBuildFile section */
		123FDEC15BF5CBFD09A64236 /* Pods_InstaFake.framework in Frameworks */ = {isa = PBXBuildFile; fileRef = 2A66CE1B186B5BFC2EE458B0 /* Pods_InstaFake.framework */; };
		542CE21F234746D90047E959 /* AppDelegate.swift in Sources */ = {isa = PBXBuildFile; fileRef = 542CE21E234746D90047E959 /* AppDelegate.swift */; };
		542CE226234746DA0047E959 /* Assets.xcassets in Resources */ = {isa = PBXBuildFile; fileRef = 542CE225234746DA0047E959 /* Assets.xcassets */; };
		542CE229234746DA0047E959 /* LaunchScreen.storyboard in Resources */ = {isa = PBXBuildFile; fileRef = 542CE227234746DA0047E959 /* LaunchScreen.storyboard */; };
		542CE2312347476C0047E959 /* .gitignore in Resources */ = {isa = PBXBuildFile; fileRef = 542CE2302347476C0047E959 /* .gitignore */; };
		542CE2332347490D0047E959 /* MainRouter.swift in Sources */ = {isa = PBXBuildFile; fileRef = 542CE2322347490D0047E959 /* MainRouter.swift */; };
		542CE23823474D620047E959 /* ViewController.swift in Sources */ = {isa = PBXBuildFile; fileRef = 542CE23623474D620047E959 /* ViewController.swift */; };
		542CE23923474D620047E959 /* ViewController.xib in Resources */ = {isa = PBXBuildFile; fileRef = 542CE23723474D620047E959 /* ViewController.xib */; };
		542CE23D234761740047E959 /* StartRouter.swift in Sources */ = {isa = PBXBuildFile; fileRef = 542CE23C234761740047E959 /* StartRouter.swift */; };
		542CE2472347638A0047E959 /* RegisterViewController.swift in Sources */ = {isa = PBXBuildFile; fileRef = 542CE2452347638A0047E959 /* RegisterViewController.swift */; };
		542CE2482347638A0047E959 /* RegisterViewController.xib in Resources */ = {isa = PBXBuildFile; fileRef = 542CE2462347638A0047E959 /* RegisterViewController.xib */; };
		542CE24A23476A530047E959 /* GoogleService-Info.plist in Resources */ = {isa = PBXBuildFile; fileRef = 542CE24923476A520047E959 /* GoogleService-Info.plist */; };
		54F057ED2349CC4000B60AED /* RegisterModel.swift in Sources */ = {isa = PBXBuildFile; fileRef = 54F057EC2349CC4000B60AED /* RegisterModel.swift */; };
		54F057F22349D41E00B60AED /* Extension+UIviewController.swift in Sources */ = {isa = PBXBuildFile; fileRef = 54F057F12349D41E00B60AED /* Extension+UIviewController.swift */; };
		54F057F52349EA0300B60AED /* AuthManager.swift in Sources */ = {isa = PBXBuildFile; fileRef = 54F057F42349EA0300B60AED /* AuthManager.swift */; };
		54F057F7234B3DE100B60AED /* RegisterError.swift in Sources */ = {isa = PBXBuildFile; fileRef = 54F057F6234B3DE100B60AED /* RegisterError.swift */; };
		54F057F9234B446E00B60AED /* AuthError.swift in Sources */ = {isa = PBXBuildFile; fileRef = 54F057F8234B446E00B60AED /* AuthError.swift */; };
		54F057FC234B478500B60AED /* LoginViewController.swift in Sources */ = {isa = PBXBuildFile; fileRef = 54F057FA234B478500B60AED /* LoginViewController.swift */; };
		54F057FD234B478500B60AED /* LoginViewController.xib in Resources */ = {isa = PBXBuildFile; fileRef = 54F057FB234B478500B60AED /* LoginViewController.xib */; };
		54F05801234B76A600B60AED /* FeedViewController.swift in Sources */ = {isa = PBXBuildFile; fileRef = 54F057FF234B76A600B60AED /* FeedViewController.swift */; };
		54F05802234B76A600B60AED /* FeedViewController.xib in Resources */ = {isa = PBXBuildFile; fileRef = 54F05800234B76A600B60AED /* FeedViewController.xib */; };
/* End PBXBuildFile section */

/* Begin PBXFileReference section */
		2A66CE1B186B5BFC2EE458B0 /* Pods_InstaFake.framework */ = {isa = PBXFileReference; explicitFileType = wrapper.framework; includeInIndex = 0; path = Pods_InstaFake.framework; sourceTree = BUILT_PRODUCTS_DIR; };
		45A92AC38F6B1C9A8B14AB06 /* Pods-InstaFake.release.xcconfig */ = {isa = PBXFileReference; includeInIndex = 1; lastKnownFileType = text.xcconfig; name = "Pods-InstaFake.release.xcconfig"; path = "Target Support Files/Pods-InstaFake/Pods-InstaFake.release.xcconfig"; sourceTree = "<group>"; };
		542CE21B234746D90047E959 /* InstaFake.app */ = {isa = PBXFileReference; explicitFileType = wrapper.application; includeInIndex = 0; path = InstaFake.app; sourceTree = BUILT_PRODUCTS_DIR; };
		542CE21E234746D90047E959 /* AppDelegate.swift */ = {isa = PBXFileReference; lastKnownFileType = sourcecode.swift; path = AppDelegate.swift; sourceTree = "<group>"; };
		542CE225234746DA0047E959 /* Assets.xcassets */ = {isa = PBXFileReference; lastKnownFileType = folder.assetcatalog; path = Assets.xcassets; sourceTree = "<group>"; };
		542CE228234746DA0047E959 /* Base */ = {isa = PBXFileReference; lastKnownFileType = file.storyboard; name = Base; path = Base.lproj/LaunchScreen.storyboard; sourceTree = "<group>"; };
		542CE22A234746DA0047E959 /* Info.plist */ = {isa = PBXFileReference; lastKnownFileType = text.plist.xml; path = Info.plist; sourceTree = "<group>"; };
		542CE2302347476C0047E959 /* .gitignore */ = {isa = PBXFileReference; lastKnownFileType = text; path = .gitignore; sourceTree = "<group>"; };
		542CE2322347490D0047E959 /* MainRouter.swift */ = {isa = PBXFileReference; lastKnownFileType = sourcecode.swift; path = MainRouter.swift; sourceTree = "<group>"; };
		542CE23623474D620047E959 /* ViewController.swift */ = {isa = PBXFileReference; lastKnownFileType = sourcecode.swift; path = ViewController.swift; sourceTree = "<group>"; };
		542CE23723474D620047E959 /* ViewController.xib */ = {isa = PBXFileReference; lastKnownFileType = file.xib; path = ViewController.xib; sourceTree = "<group>"; };
		542CE23C234761740047E959 /* StartRouter.swift */ = {isa = PBXFileReference; lastKnownFileType = sourcecode.swift; path = StartRouter.swift; sourceTree = "<group>"; };
		542CE2452347638A0047E959 /* RegisterViewController.swift */ = {isa = PBXFileReference; lastKnownFileType = sourcecode.swift; path = RegisterViewController.swift; sourceTree = "<group>"; };
		542CE2462347638A0047E959 /* RegisterViewController.xib */ = {isa = PBXFileReference; lastKnownFileType = file.xib; path = RegisterViewController.xib; sourceTree = "<group>"; };
		542CE24923476A520047E959 /* GoogleService-Info.plist */ = {isa = PBXFileReference; fileEncoding = 4; lastKnownFileType = text.plist.xml; path = "GoogleService-Info.plist"; sourceTree = "<group>"; };
		54F057EC2349CC4000B60AED /* RegisterModel.swift */ = {isa = PBXFileReference; lastKnownFileType = sourcecode.swift; path = RegisterModel.swift; sourceTree = "<group>"; };
		54F057F12349D41E00B60AED /* Extension+UIviewController.swift */ = {isa = PBXFileReference; lastKnownFileType = sourcecode.swift; path = "Extension+UIviewController.swift"; sourceTree = "<group>"; };
		54F057F42349EA0300B60AED /* AuthManager.swift */ = {isa = PBXFileReference; lastKnownFileType = sourcecode.swift; path = AuthManager.swift; sourceTree = "<group>"; };
		54F057F6234B3DE100B60AED /* RegisterError.swift */ = {isa = PBXFileReference; lastKnownFileType = sourcecode.swift; path = RegisterError.swift; sourceTree = "<group>"; };
		54F057F8234B446E00B60AED /* AuthError.swift */ = {isa = PBXFileReference; lastKnownFileType = sourcecode.swift; path = AuthError.swift; sourceTree = "<group>"; };
		54F057FA234B478500B60AED /* LoginViewController.swift */ = {isa = PBXFileReference; lastKnownFileType = sourcecode.swift; path = LoginViewController.swift; sourceTree = "<group>"; };
		54F057FB234B478500B60AED /* LoginViewController.xib */ = {isa = PBXFileReference; lastKnownFileType = file.xib; path = LoginViewController.xib; sourceTree = "<group>"; };
		54F057FF234B76A600B60AED /* FeedViewController.swift */ = {isa = PBXFileReference; lastKnownFileType = sourcecode.swift; path = FeedViewController.swift; sourceTree = "<group>"; };
		54F05800234B76A600B60AED /* FeedViewController.xib */ = {isa = PBXFileReference; lastKnownFileType = file.xib; path = FeedViewController.xib; sourceTree = "<group>"; };
		7B2956BEA32B05B2D343B10D /* Pods-InstaFake.debug.xcconfig */ = {isa = PBXFileReference; includeInIndex = 1; lastKnownFileType = text.xcconfig; name = "Pods-InstaFake.debug.xcconfig"; path = "Target Support Files/Pods-InstaFake/Pods-InstaFake.debug.xcconfig"; sourceTree = "<group>"; };
/* End PBXFileReference section */

/* Begin PBXFrameworksBuildPhase section */
		542CE218234746D90047E959 /* Frameworks */ = {
			isa = PBXFrameworksBuildPhase;
			buildActionMask = 2147483647;
			files = (
				123FDEC15BF5CBFD09A64236 /* Pods_InstaFake.framework in Frameworks */,
			);
			runOnlyForDeploymentPostprocessing = 0;
		};
/* End PBXFrameworksBuildPhase section */

/* Begin PBXGroup section */
		3672D1EE50AFEE7FBD0916AB /* Pods */ = {
			isa = PBXGroup;
			children = (
				7B2956BEA32B05B2D343B10D /* Pods-InstaFake.debug.xcconfig */,
				45A92AC38F6B1C9A8B14AB06 /* Pods-InstaFake.release.xcconfig */,
			);
			path = Pods;
			sourceTree = "<group>";
		};
		542CE212234746D90047E959 = {
			isa = PBXGroup;
			children = (
				542CE2302347476C0047E959 /* .gitignore */,
				542CE24923476A520047E959 /* GoogleService-Info.plist */,
				54F057F32349E9E000B60AED /* Managers */,
				54F057F02349D3F400B60AED /* Extensions */,
				54F057EB2349CC2700B60AED /* Models */,
				542CE21D234746D90047E959 /* InstaFake */,
				542CE21C234746D90047E959 /* Products */,
				3672D1EE50AFEE7FBD0916AB /* Pods */,
				8688B8A7848A55025CB50427 /* Frameworks */,
			);
			sourceTree = "<group>";
		};
		542CE21C234746D90047E959 /* Products */ = {
			isa = PBXGroup;
			children = (
				542CE21B234746D90047E959 /* InstaFake.app */,
			);
			name = Products;
			sourceTree = "<group>";
		};
		542CE21D234746D90047E959 /* InstaFake */ = {
			isa = PBXGroup;
			children = (
				542CE21E234746D90047E959 /* AppDelegate.swift */,
				542CE234234749110047E959 /* Routers */,
				542CE23523474D3F0047E959 /* Screens */,
				542CE23B23474E400047E959 /* Resources */,
			);
			path = InstaFake;
			sourceTree = "<group>";
		};
		542CE234234749110047E959 /* Routers */ = {
			isa = PBXGroup;
			children = (
				542CE2322347490D0047E959 /* MainRouter.swift */,
				542CE23C234761740047E959 /* StartRouter.swift */,
			);
			path = Routers;
			sourceTree = "<group>";
		};
		542CE23523474D3F0047E959 /* Screens */ = {
			isa = PBXGroup;
			children = (
				542CE23A23474E280047E959 /* Start */,
				54F057FE234B479300B60AED /* LoginViewController */,
				542CE244234763670047E959 /* RegisterViewController */,
				54F05803234B76B500B60AED /* FeedViewController */,
			);
			path = Screens;
			sourceTree = "<group>";
		};
		542CE23A23474E280047E959 /* Start */ = {
			isa = PBXGroup;
			children = (
				542CE23623474D620047E959 /* ViewController.swift */,
				542CE23723474D620047E959 /* ViewController.xib */,
			);
			path = Start;
			sourceTree = "<group>";
		};
		542CE23B23474E400047E959 /* Resources */ = {
			isa = PBXGroup;
			children = (
				542CE225234746DA0047E959 /* Assets.xcassets */,
				542CE227234746DA0047E959 /* LaunchScreen.storyboard */,
				542CE22A234746DA0047E959 /* Info.plist */,
			);
			path = Resources;
			sourceTree = "<group>";
		};
		542CE244234763670047E959 /* RegisterViewController */ = {
			isa = PBXGroup;
			children = (
				542CE2452347638A0047E959 /* RegisterViewController.swift */,
				542CE2462347638A0047E959 /* RegisterViewController.xib */,
			);
			path = RegisterViewController;
			sourceTree = "<group>";
		};
		54F057EB2349CC2700B60AED /* Models */ = {
			isa = PBXGroup;
			children = (
				54F057EC2349CC4000B60AED /* RegisterModel.swift */,
				54F057F6234B3DE100B60AED /* RegisterError.swift */,
				54F057F8234B446E00B60AED /* AuthError.swift */,
			);
			path = Models;
			sourceTree = "<group>";
		};
		54F057F02349D3F400B60AED /* Extensions */ = {
			isa = PBXGroup;
			children = (
				54F057F12349D41E00B60AED /* Extension+UIviewController.swift */,
			);
			path = Extensions;
			sourceTree = "<group>";
		};
		54F057F32349E9E000B60AED /* Managers */ = {
			isa = PBXGroup;
			children = (
				54F057F42349EA0300B60AED /* AuthManager.swift */,
			);
			path = Managers;
			sourceTree = "<group>";
		};
		54F057FE234B479300B60AED /* LoginViewController */ = {
			isa = PBXGroup;
			children = (
				54F057FA234B478500B60AED /* LoginViewController.swift */,
				54F057FB234B478500B60AED /* LoginViewController.xib */,
			);
			path = LoginViewController;
			sourceTree = "<group>";
		};
		54F05803234B76B500B60AED /* FeedViewController */ = {
			isa = PBXGroup;
			children = (
				54F057FF234B76A600B60AED /* FeedViewController.swift */,
				54F05800234B76A600B60AED /* FeedViewController.xib */,
			);
			path = FeedViewController;
			sourceTree = "<group>";
		};
		8688B8A7848A55025CB50427 /* Frameworks */ = {
			isa = PBXGroup;
			children = (
				2A66CE1B186B5BFC2EE458B0 /* Pods_InstaFake.framework */,
			);
			name = Frameworks;
			sourceTree = "<group>";
		};
/* End PBXGroup section */

/* Begin PBXNativeTarget section */
		542CE21A234746D90047E959 /* InstaFake */ = {
			isa = PBXNativeTarget;
			buildConfigurationList = 542CE22D234746DA0047E959 /* Build configuration list for PBXNativeTarget "InstaFake" */;
			buildPhases = (
				08E4C8F6506FA16E37DF3C61 /* [CP] Check Pods Manifest.lock */,
				542CE217234746D90047E959 /* Sources */,
				542CE218234746D90047E959 /* Frameworks */,
				542CE219234746D90047E959 /* Resources */,
				D1C8885CD5735C1399E22AAC /* [CP] Embed Pods Frameworks */,
			);
			buildRules = (
			);
			dependencies = (
			);
			name = InstaFake;
			productName = InstaFake;
			productReference = 542CE21B234746D90047E959 /* InstaFake.app */;
			productType = "com.apple.product-type.application";
		};
/* End PBXNativeTarget section */

/* Begin PBXProject section */
		542CE213234746D90047E959 /* Project object */ = {
			isa = PBXProject;
			attributes = {
				LastSwiftUpdateCheck = 1030;
				LastUpgradeCheck = 1030;
				ORGANIZATIONNAME = "Artem Grebinik";
				TargetAttributes = {
					542CE21A234746D90047E959 = {
						CreatedOnToolsVersion = 10.3;
					};
				};
			};
			buildConfigurationList = 542CE216234746D90047E959 /* Build configuration list for PBXProject "InstaFake" */;
			compatibilityVersion = "Xcode 9.3";
			developmentRegion = en;
			hasScannedForEncodings = 0;
			knownRegions = (
				en,
				Base,
			);
			mainGroup = 542CE212234746D90047E959;
			productRefGroup = 542CE21C234746D90047E959 /* Products */;
			projectDirPath = "";
			projectRoot = "";
			targets = (
				542CE21A234746D90047E959 /* InstaFake */,
			);
		};
/* End PBXProject section */

/* Begin PBXResourcesBuildPhase section */
		542CE219234746D90047E959 /* Resources */ = {
			isa = PBXResourcesBuildPhase;
			buildActionMask = 2147483647;
			files = (
				542CE23923474D620047E959 /* ViewController.xib in Resources */,
				542CE2482347638A0047E959 /* RegisterViewController.xib in Resources */,
				54F05802234B76A600B60AED /* FeedViewController.xib in Resources */,
				542CE2312347476C0047E959 /* .gitignore in Resources */,
				542CE229234746DA0047E959 /* LaunchScreen.storyboard in Resources */,
				542CE226234746DA0047E959 /* Assets.xcassets in Resources */,
				54F057FD234B478500B60AED /* LoginViewController.xib in Resources */,
				542CE24A23476A530047E959 /* GoogleService-Info.plist in Resources */,
			);
			runOnlyForDeploymentPostprocessing = 0;
		};
/* End PBXResourcesBuildPhase section */

/* Begin PBXShellScriptBuildPhase section */
		08E4C8F6506FA16E37DF3C61 /* [CP] Check Pods Manifest.lock */ = {
			isa = PBXShellScriptBuildPhase;
			buildActionMask = 2147483647;
			files = (
			);
			inputFileListPaths = (
			);
			inputPaths = (
				"${PODS_PODFILE_DIR_PATH}/Podfile.lock",
				"${PODS_ROOT}/Manifest.lock",
			);
			name = "[CP] Check Pods Manifest.lock";
			outputFileListPaths = (
			);
			outputPaths = (
				"$(DERIVED_FILE_DIR)/Pods-InstaFake-checkManifestLockResult.txt",
			);
			runOnlyForDeploymentPostprocessing = 0;
			shellPath = /bin/sh;
			shellScript = "diff \"${PODS_PODFILE_DIR_PATH}/Podfile.lock\" \"${PODS_ROOT}/Manifest.lock\" > /dev/null\nif [ $? != 0 ] ; then\n    # print error to STDERR\n    echo \"error: The sandbox is not in sync with the Podfile.lock. Run 'pod install' or update your CocoaPods installation.\" >&2\n    exit 1\nfi\n# This output is used by Xcode 'outputs' to avoid re-running this script phase.\necho \"SUCCESS\" > \"${SCRIPT_OUTPUT_FILE_0}\"\n";
			showEnvVarsInLog = 0;
		};
		D1C8885CD5735C1399E22AAC /* [CP] Embed Pods Frameworks */ = {
			isa = PBXShellScriptBuildPhase;
			buildActionMask = 2147483647;
			files = (
			);
			inputFileListPaths = (
				"${PODS_ROOT}/Target Support Files/Pods-InstaFake/Pods-InstaFake-frameworks-${CONFIGURATION}-input-files.xcfilelist",
			);
			name = "[CP] Embed Pods Frameworks";
			outputFileListPaths = (
				"${PODS_ROOT}/Target Support Files/Pods-InstaFake/Pods-InstaFake-frameworks-${CONFIGURATION}-output-files.xcfilelist",
			);
			runOnlyForDeploymentPostprocessing = 0;
			shellPath = /bin/sh;
			shellScript = "\"${PODS_ROOT}/Target Support Files/Pods-InstaFake/Pods-InstaFake-frameworks.sh\"\n";
			showEnvVarsInLog = 0;
		};
/* End PBXShellScriptBuildPhase section */

/* Begin PBXSourcesBuildPhase section */
		542CE217234746D90047E959 /* Sources */ = {
			isa = PBXSourcesBuildPhase;
			buildActionMask = 2147483647;
			files = (
				542CE23823474D620047E959 /* ViewController.swift in Sources */,
				54F057F52349EA0300B60AED /* AuthManager.swift in Sources */,
				542CE2472347638A0047E959 /* RegisterViewController.swift in Sources */,
				54F057ED2349CC4000B60AED /* RegisterModel.swift in Sources */,
				54F057F9234B446E00B60AED /* AuthError.swift in Sources */,
				542CE21F234746D90047E959 /* AppDelegate.swift in Sources */,
				542CE2332347490D0047E959 /* MainRouter.swift in Sources */,
				54F057F22349D41E00B60AED /* Extension+UIviewController.swift in Sources */,
				542CE23D234761740047E959 /* StartRouter.swift in Sources */,
				54F057F7234B3DE100B60AED /* RegisterError.swift in Sources */,
				54F05801234B76A600B60AED /* FeedViewController.swift in Sources */,
				54F057FC234B478500B60AED /* LoginViewController.swift in Sources */,
			);
			runOnlyForDeploymentPostprocessing = 0;
		};
/* End PBXSourcesBuildPhase section */

/* Begin PBXVariantGroup section */
		542CE227234746DA0047E959 /* LaunchScreen.storyboard */ = {
			isa = PBXVariantGroup;
			children = (
				542CE228234746DA0047E959 /* Base */,
			);
			name = LaunchScreen.storyboard;
			sourceTree = "<group>";
		};
/* End PBXVariantGroup section */

/* Begin XCBuildConfiguration section */
		542CE22B234746DA0047E959 /* Debug */ = {
			isa = XCBuildConfiguration;
			buildSettings = {
				ALWAYS_SEARCH_USER_PATHS = NO;
				CLANG_ANALYZER_NONNULL = YES;
				CLANG_ANALYZER_NUMBER_OBJECT_CONVERSION = YES_AGGRESSIVE;
				CLANG_CXX_LANGUAGE_STANDARD = "gnu++14";
				CLANG_CXX_LIBRARY = "libc++";
				CLANG_ENABLE_MODULES = YES;
				CLANG_ENABLE_OBJC_ARC = YES;
				CLANG_ENABLE_OBJC_WEAK = YES;
				CLANG_WARN_BLOCK_CAPTURE_AUTORELEASING = YES;
				CLANG_WARN_BOOL_CONVERSION = YES;
				CLANG_WARN_COMMA = YES;
				CLANG_WARN_CONSTANT_CONVERSION = YES;
				CLANG_WARN_DEPRECATED_OBJC_IMPLEMENTATIONS = YES;
				CLANG_WARN_DIRECT_OBJC_ISA_USAGE = YES_ERROR;
				CLANG_WARN_DOCUMENTATION_COMMENTS = YES;
				CLANG_WARN_EMPTY_BODY = YES;
				CLANG_WARN_ENUM_CONVERSION = YES;
				CLANG_WARN_INFINITE_RECURSION = YES;
				CLANG_WARN_INT_CONVERSION = YES;
				CLANG_WARN_NON_LITERAL_NULL_CONVERSION = YES;
				CLANG_WARN_OBJC_IMPLICIT_RETAIN_SELF = YES;
				CLANG_WARN_OBJC_LITERAL_CONVERSION = YES;
				CLANG_WARN_OBJC_ROOT_CLASS = YES_ERROR;
				CLANG_WARN_RANGE_LOOP_ANALYSIS = YES;
				CLANG_WARN_STRICT_PROTOTYPES = YES;
				CLANG_WARN_SUSPICIOUS_MOVE = YES;
				CLANG_WARN_UNGUARDED_AVAILABILITY = YES_AGGRESSIVE;
				CLANG_WARN_UNREACHABLE_CODE = YES;
				CLANG_WARN__DUPLICATE_METHOD_MATCH = YES;
				CODE_SIGN_IDENTITY = "iPhone Developer";
				COPY_PHASE_STRIP = NO;
				DEBUG_INFORMATION_FORMAT = dwarf;
				ENABLE_STRICT_OBJC_MSGSEND = YES;
				ENABLE_TESTABILITY = YES;
				GCC_C_LANGUAGE_STANDARD = gnu11;
				GCC_DYNAMIC_NO_PIC = NO;
				GCC_NO_COMMON_BLOCKS = YES;
				GCC_OPTIMIZATION_LEVEL = 0;
				GCC_PREPROCESSOR_DEFINITIONS = (
					"DEBUG=1",
					"$(inherited)",
				);
				GCC_WARN_64_TO_32_BIT_CONVERSION = YES;
				GCC_WARN_ABOUT_RETURN_TYPE = YES_ERROR;
				GCC_WARN_UNDECLARED_SELECTOR = YES;
				GCC_WARN_UNINITIALIZED_AUTOS = YES_AGGRESSIVE;
				GCC_WARN_UNUSED_FUNCTION = YES;
				GCC_WARN_UNUSED_VARIABLE = YES;
				IPHONEOS_DEPLOYMENT_TARGET = 12.4;
				MTL_ENABLE_DEBUG_INFO = INCLUDE_SOURCE;
				MTL_FAST_MATH = YES;
				ONLY_ACTIVE_ARCH = YES;
				SDKROOT = iphoneos;
				SWIFT_ACTIVE_COMPILATION_CONDITIONS = DEBUG;
				SWIFT_OPTIMIZATION_LEVEL = "-Onone";
			};
			name = Debug;
		};
		542CE22C234746DA0047E959 /* Release */ = {
			isa = XCBuildConfiguration;
			buildSettings = {
				ALWAYS_SEARCH_USER_PATHS = NO;
				CLANG_ANALYZER_NONNULL = YES;
				CLANG_ANALYZER_NUMBER_OBJECT_CONVERSION = YES_AGGRESSIVE;
				CLANG_CXX_LANGUAGE_STANDARD = "gnu++14";
				CLANG_CXX_LIBRARY = "libc++";
				CLANG_ENABLE_MODULES = YES;
				CLANG_ENABLE_OBJC_ARC = YES;
				CLANG_ENABLE_OBJC_WEAK = YES;
				CLANG_WARN_BLOCK_CAPTURE_AUTORELEASING = YES;
				CLANG_WARN_BOOL_CONVERSION = YES;
				CLANG_WARN_COMMA = YES;
				CLANG_WARN_CONSTANT_CONVERSION = YES;
				CLANG_WARN_DEPRECATED_OBJC_IMPLEMENTATIONS = YES;
				CLANG_WARN_DIRECT_OBJC_ISA_USAGE = YES_ERROR;
				CLANG_WARN_DOCUMENTATION_COMMENTS = YES;
				CLANG_WARN_EMPTY_BODY = YES;
				CLANG_WARN_ENUM_CONVERSION = YES;
				CLANG_WARN_INFINITE_RECURSION = YES;
				CLANG_WARN_INT_CONVERSION = YES;
				CLANG_WARN_NON_LITERAL_NULL_CONVERSION = YES;
				CLANG_WARN_OBJC_IMPLICIT_RETAIN_SELF = YES;
				CLANG_WARN_OBJC_LITERAL_CONVERSION = YES;
				CLANG_WARN_OBJC_ROOT_CLASS = YES_ERROR;
				CLANG_WARN_RANGE_LOOP_ANALYSIS = YES;
				CLANG_WARN_STRICT_PROTOTYPES = YES;
				CLANG_WARN_SUSPICIOUS_MOVE = YES;
				CLANG_WARN_UNGUARDED_AVAILABILITY = YES_AGGRESSIVE;
				CLANG_WARN_UNREACHABLE_CODE = YES;
				CLANG_WARN__DUPLICATE_METHOD_MATCH = YES;
				CODE_SIGN_IDENTITY = "iPhone Developer";
				COPY_PHASE_STRIP = NO;
				DEBUG_INFORMATION_FORMAT = "dwarf-with-dsym";
				ENABLE_NS_ASSERTIONS = NO;
				ENABLE_STRICT_OBJC_MSGSEND = YES;
				GCC_C_LANGUAGE_STANDARD = gnu11;
				GCC_NO_COMMON_BLOCKS = YES;
				GCC_WARN_64_TO_32_BIT_CONVERSION = YES;
				GCC_WARN_ABOUT_RETURN_TYPE = YES_ERROR;
				GCC_WARN_UNDECLARED_SELECTOR = YES;
				GCC_WARN_UNINITIALIZED_AUTOS = YES_AGGRESSIVE;
				GCC_WARN_UNUSED_FUNCTION = YES;
				GCC_WARN_UNUSED_VARIABLE = YES;
				IPHONEOS_DEPLOYMENT_TARGET = 12.4;
				MTL_ENABLE_DEBUG_INFO = NO;
				MTL_FAST_MATH = YES;
				SDKROOT = iphoneos;
				SWIFT_COMPILATION_MODE = wholemodule;
				SWIFT_OPTIMIZATION_LEVEL = "-O";
				VALIDATE_PRODUCT = YES;
			};
			name = Release;
		};
		542CE22E234746DA0047E959 /* Debug */ = {
			isa = XCBuildConfiguration;
			baseConfigurationReference = 7B2956BEA32B05B2D343B10D /* Pods-InstaFake.debug.xcconfig */;
			buildSettings = {
				ASSETCATALOG_COMPILER_APPICON_NAME = AppIcon;
				CODE_SIGN_STYLE = Automatic;
				DEVELOPMENT_TEAM = 3VTG976PZS;
				INFOPLIST_FILE = "$(SRCROOT)/InstaFake/Resources/Info.plist";
				LD_RUNPATH_SEARCH_PATHS = (
					"$(inherited)",
					"@executable_path/Frameworks",
				);
				PRODUCT_BUNDLE_IDENTIFIER = fake.InstaFake;
				PRODUCT_NAME = "$(TARGET_NAME)";
				SWIFT_VERSION = 5.0;
				TARGETED_DEVICE_FAMILY = "1,2";
			};
			name = Debug;
		};
		542CE22F234746DA0047E959 /* Release */ = {
			isa = XCBuildConfiguration;
			baseConfigurationReference = 45A92AC38F6B1C9A8B14AB06 /* Pods-InstaFake.release.xcconfig */;
			buildSettings = {
				ASSETCATALOG_COMPILER_APPICON_NAME = AppIcon;
				CODE_SIGN_STYLE = Automatic;
				DEVELOPMENT_TEAM = 3VTG976PZS;
				INFOPLIST_FILE = "$(SRCROOT)/InstaFake/Resources/Info.plist";
				LD_RUNPATH_SEARCH_PATHS = (
					"$(inherited)",
					"@executable_path/Frameworks",
				);
				PRODUCT_BUNDLE_IDENTIFIER = fake.InstaFake;
				PRODUCT_NAME = "$(TARGET_NAME)";
				SWIFT_VERSION = 5.0;
				TARGETED_DEVICE_FAMILY = "1,2";
			};
			name = Release;
		};
/* End XCBuildConfiguration section */

/* Begin XCConfigurationList section */
		542CE216234746D90047E959 /* Build configuration list for PBXProject "InstaFake" */ = {
			isa = XCConfigurationList;
			buildConfigurations = (
				542CE22B234746DA0047E959 /* Debug */,
				542CE22C234746DA0047E959 /* Release */,
			);
			defaultConfigurationIsVisible = 0;
			defaultConfigurationName = Release;
		};
		542CE22D234746DA0047E959 /* Build configuration list for PBXNativeTarget "InstaFake" */ = {
			isa = XCConfigurationList;
			buildConfigurations = (
				542CE22E234746DA0047E959 /* Debug */,
				542CE22F234746DA0047E959 /* Release */,
			);
			defaultConfigurationIsVisible = 0;
			defaultConfigurationName = Release;
		};
/* End XCConfigurationList section */
	};
	rootObject = 542CE213234746D90047E959 /* Project object */;
}
